// !$*UTF8*$!
{
	archiveVersion = 1;
	classes = {
	};
	objectVersion = 56;
	objects = {

/* Begin PBXBuildFile section */
		C3265A792A7032C7008A8420 /* eCardifyUITests.swift in Sources */ = {isa = PBXBuildFile; fileRef = C3B189C62A6C549E00EDE004 /* eCardifyUITests.swift */; };
		C38E320F2A6FCB82009D9DE1 /* GenericPassFeature in Frameworks */ = {isa = PBXBuildFile; productRef = C38E320E2A6FCB82009D9DE1 /* GenericPassFeature */; };
		C38E32132A6FF1AB009D9DE1 /* AuthenticationView in Frameworks */ = {isa = PBXBuildFile; productRef = C38E32122A6FF1AB009D9DE1 /* AuthenticationView */; };
		C38FFE302A3B405B00BB3E8C /* Development.xcconfig in Resources */ = {isa = PBXBuildFile; fileRef = C38FFE2F2A3B405B00BB3E8C /* Development.xcconfig */; };
		C399ED832A69A7DB0097D485 /* StoreKit.framework in Frameworks */ = {isa = PBXBuildFile; fileRef = C399ED812A69A50A0097D485 /* StoreKit.framework */; };
		C3A4523F2A07F4AC009D8F95 /* eCardifyApp.swift in Sources */ = {isa = PBXBuildFile; fileRef = C3A4523E2A07F4AC009D8F95 /* eCardifyApp.swift */; };
		C3A452432A07F4AD009D8F95 /* Assets.xcassets in Resources */ = {isa = PBXBuildFile; fileRef = C3A452422A07F4AD009D8F95 /* Assets.xcassets */; };
		C3A452472A07F4AD009D8F95 /* Preview Assets.xcassets in Resources */ = {isa = PBXBuildFile; fileRef = C3A452462A07F4AD009D8F95 /* Preview Assets.xcassets */; };
		C3A452502A07F4D7009D8F95 /* Pass.json in Resources */ = {isa = PBXBuildFile; fileRef = C3A4524F2A07F4D7009D8F95 /* Pass.json */; };
		C3B189C92A6C549E00EDE004 /* eCardifyUITestsLaunchTests.swift in Sources */ = {isa = PBXBuildFile; fileRef = C3B189C82A6C549E00EDE004 /* eCardifyUITestsLaunchTests.swift */; };
		C3B189D02A6E6F4A00EDE004 /* SnapshotHelper.swift in Sources */ = {isa = PBXBuildFile; fileRef = C3B189CF2A6E6F4A00EDE004 /* SnapshotHelper.swift */; };
		C3FDFDBC2A50022F00229340 /* Production.xcconfig in Resources */ = {isa = PBXBuildFile; fileRef = C3FDFDBB2A50022F00229340 /* Production.xcconfig */; };
		C3FFD1702A6A5E6D003B9A09 /* AppFeature in Frameworks */ = {isa = PBXBuildFile; productRef = C3FFD16F2A6A5E6D003B9A09 /* AppFeature */; };
		C3FFD1722A6A5E77003B9A09 /* AppView in Frameworks */ = {isa = PBXBuildFile; productRef = C3FFD1712A6A5E77003B9A09 /* AppView */; };
/* End PBXBuildFile section */

/* Begin PBXContainerItemProxy section */
		C3B189CA2A6C549E00EDE004 /* PBXContainerItemProxy */ = {
			isa = PBXContainerItemProxy;
			containerPortal = C3A452332A07F4AC009D8F95 /* Project object */;
			proxyType = 1;
			remoteGlobalIDString = C3A4523A2A07F4AC009D8F95;
			remoteInfo = eCardify;
		};
/* End PBXContainerItemProxy section */

/* Begin PBXFileReference section */
		C3118F3A2A532CD500D77A10 /* WalletPass.json */ = {isa = PBXFileReference; lastKnownFileType = text.json; path = WalletPass.json; sourceTree = "<group>"; };
		C38FFE2F2A3B405B00BB3E8C /* Development.xcconfig */ = {isa = PBXFileReference; lastKnownFileType = text.xcconfig; path = Development.xcconfig; sourceTree = "<group>"; };
		C399ED812A69A50A0097D485 /* StoreKit.framework */ = {isa = PBXFileReference; lastKnownFileType = wrapper.framework; name = StoreKit.framework; path = Platforms/iPhoneOS.platform/Developer/SDKs/iPhoneOS16.4.sdk/System/Library/Frameworks/StoreKit.framework; sourceTree = DEVELOPER_DIR; };
		C3A4523B2A07F4AC009D8F95 /* eCardify.app */ = {isa = PBXFileReference; explicitFileType = wrapper.application; includeInIndex = 0; path = eCardify.app; sourceTree = BUILT_PRODUCTS_DIR; };
		C3A4523E2A07F4AC009D8F95 /* eCardifyApp.swift */ = {isa = PBXFileReference; lastKnownFileType = sourcecode.swift; path = eCardifyApp.swift; sourceTree = "<group>"; };
		C3A452422A07F4AD009D8F95 /* Assets.xcassets */ = {isa = PBXFileReference; lastKnownFileType = folder.assetcatalog; path = Assets.xcassets; sourceTree = "<group>"; };
		C3A452442A07F4AD009D8F95 /* eCardify.entitlements */ = {isa = PBXFileReference; lastKnownFileType = text.plist.entitlements; path = eCardify.entitlements; sourceTree = "<group>"; };
		C3A452462A07F4AD009D8F95 /* Preview Assets.xcassets */ = {isa = PBXFileReference; lastKnownFileType = folder.assetcatalog; path = "Preview Assets.xcassets"; sourceTree = "<group>"; };
		C3A4524F2A07F4D7009D8F95 /* Pass.json */ = {isa = PBXFileReference; fileEncoding = 4; lastKnownFileType = text.json; path = Pass.json; sourceTree = "<group>"; };
		C3B189C42A6C549E00EDE004 /* eCardifyUITests.xctest */ = {isa = PBXFileReference; explicitFileType = wrapper.cfbundle; includeInIndex = 0; path = eCardifyUITests.xctest; sourceTree = BUILT_PRODUCTS_DIR; };
		C3B189C62A6C549E00EDE004 /* eCardifyUITests.swift */ = {isa = PBXFileReference; lastKnownFileType = sourcecode.swift; path = eCardifyUITests.swift; sourceTree = "<group>"; };
		C3B189C82A6C549E00EDE004 /* eCardifyUITestsLaunchTests.swift */ = {isa = PBXFileReference; lastKnownFileType = sourcecode.swift; path = eCardifyUITestsLaunchTests.swift; sourceTree = "<group>"; };
		C3B189CF2A6E6F4A00EDE004 /* SnapshotHelper.swift */ = {isa = PBXFileReference; fileEncoding = 4; lastKnownFileType = sourcecode.swift; path = SnapshotHelper.swift; sourceTree = "<group>"; };
		C3DEA2802A0E962600EC76C1 /* Info.plist */ = {isa = PBXFileReference; lastKnownFileType = text.plist; path = Info.plist; sourceTree = "<group>"; };
		C3FDFDB72A4F28CE00229340 /* Cards.storekit */ = {isa = PBXFileReference; lastKnownFileType = text; path = Cards.storekit; sourceTree = "<group>"; };
		C3FDFDB82A4F45B100229340 /* StoreKit.framework */ = {isa = PBXFileReference; lastKnownFileType = wrapper.framework; name = StoreKit.framework; path = System/Library/Frameworks/StoreKit.framework; sourceTree = SDKROOT; };
		C3FDFDBB2A50022F00229340 /* Production.xcconfig */ = {isa = PBXFileReference; fileEncoding = 4; lastKnownFileType = text.xcconfig; path = Production.xcconfig; sourceTree = "<group>"; };
/* End PBXFileReference section */

/* Begin PBXFrameworksBuildPhase section */
		C3A452382A07F4AC009D8F95 /* Frameworks */ = {
			isa = PBXFrameworksBuildPhase;
			buildActionMask = 2147483647;
			files = (
				C3FFD1722A6A5E77003B9A09 /* AppView in Frameworks */,
				C399ED832A69A7DB0097D485 /* StoreKit.framework in Frameworks */,
				C3FFD1702A6A5E6D003B9A09 /* AppFeature in Frameworks */,
			);
			runOnlyForDeploymentPostprocessing = 0;
		};
		C3B189C12A6C549E00EDE004 /* Frameworks */ = {
			isa = PBXFrameworksBuildPhase;
			buildActionMask = 2147483647;
			files = (
				C38E320F2A6FCB82009D9DE1 /* GenericPassFeature in Frameworks */,
				C38E32132A6FF1AB009D9DE1 /* AuthenticationView in Frameworks */,
			);
			runOnlyForDeploymentPostprocessing = 0;
		};
/* End PBXFrameworksBuildPhase section */

/* Begin PBXGroup section */
		C38FFE2E2A3B3FC300BB3E8C /* Config */ = {
			isa = PBXGroup;
			children = (
				C38FFE2F2A3B405B00BB3E8C /* Development.xcconfig */,
				C3FDFDBB2A50022F00229340 /* Production.xcconfig */,
			);
			path = Config;
			sourceTree = "<group>";
		};
		C3A452322A07F4AC009D8F95 = {
			isa = PBXGroup;
			children = (
				C3FDFDB72A4F28CE00229340 /* Cards.storekit */,
				C3A4523D2A07F4AC009D8F95 /* eCardify */,
				C3B189C52A6C549E00EDE004 /* eCardifyUITests */,
				C3A4523C2A07F4AC009D8F95 /* Products */,
				C3DEA2812A0E962F00EC76C1 /* Frameworks */,
			);
			sourceTree = "<group>";
		};
		C3A4523C2A07F4AC009D8F95 /* Products */ = {
			isa = PBXGroup;
			children = (
				C3A4523B2A07F4AC009D8F95 /* eCardify.app */,
				C3B189C42A6C549E00EDE004 /* eCardifyUITests.xctest */,
			);
			name = Products;
			sourceTree = "<group>";
		};
		C3A4523D2A07F4AC009D8F95 /* eCardify */ = {
			isa = PBXGroup;
			children = (
				C38FFE2E2A3B3FC300BB3E8C /* Config */,
				C3DEA2802A0E962600EC76C1 /* Info.plist */,
				C3A4523E2A07F4AC009D8F95 /* eCardifyApp.swift */,
				C3A4524F2A07F4D7009D8F95 /* Pass.json */,
				C3118F3A2A532CD500D77A10 /* WalletPass.json */,
				C3A452422A07F4AD009D8F95 /* Assets.xcassets */,
				C3A452442A07F4AD009D8F95 /* eCardify.entitlements */,
				C3A452452A07F4AD009D8F95 /* Preview Content */,
			);
			path = eCardify;
			sourceTree = "<group>";
		};
		C3A452452A07F4AD009D8F95 /* Preview Content */ = {
			isa = PBXGroup;
			children = (
				C3A452462A07F4AD009D8F95 /* Preview Assets.xcassets */,
			);
			path = "Preview Content";
			sourceTree = "<group>";
		};
		C3B189C52A6C549E00EDE004 /* eCardifyUITests */ = {
			isa = PBXGroup;
			children = (
				C3B189CF2A6E6F4A00EDE004 /* SnapshotHelper.swift */,
				C3B189C62A6C549E00EDE004 /* eCardifyUITests.swift */,
				C3B189C82A6C549E00EDE004 /* eCardifyUITestsLaunchTests.swift */,
			);
			path = eCardifyUITests;
			sourceTree = "<group>";
		};
		C3DEA2812A0E962F00EC76C1 /* Frameworks */ = {
			isa = PBXGroup;
			children = (
				C399ED812A69A50A0097D485 /* StoreKit.framework */,
				C3FDFDB82A4F45B100229340 /* StoreKit.framework */,
			);
			name = Frameworks;
			sourceTree = "<group>";
		};
/* End PBXGroup section */

/* Begin PBXNativeTarget section */
		C3A4523A2A07F4AC009D8F95 /* eCardify */ = {
			isa = PBXNativeTarget;
			buildConfigurationList = C3A4524A2A07F4AD009D8F95 /* Build configuration list for PBXNativeTarget "eCardify" */;
			buildPhases = (
				C3A452372A07F4AC009D8F95 /* Sources */,
				C3A452382A07F4AC009D8F95 /* Frameworks */,
				C3A452392A07F4AC009D8F95 /* Resources */,
			);
			buildRules = (
			);
			dependencies = (
			);
			name = eCardify;
			packageProductDependencies = (
				C3FFD16F2A6A5E6D003B9A09 /* AppFeature */,
				C3FFD1712A6A5E77003B9A09 /* AppView */,
			);
			productName = eCardify;
			productReference = C3A4523B2A07F4AC009D8F95 /* eCardify.app */;
			productType = "com.apple.product-type.application";
		};
		C3B189C32A6C549E00EDE004 /* eCardifyUITests */ = {
			isa = PBXNativeTarget;
			buildConfigurationList = C3B189CE2A6C549E00EDE004 /* Build configuration list for PBXNativeTarget "eCardifyUITests" */;
			buildPhases = (
				C3B189C02A6C549E00EDE004 /* Sources */,
				C3B189C12A6C549E00EDE004 /* Frameworks */,
				C3B189C22A6C549E00EDE004 /* Resources */,
			);
			buildRules = (
			);
			dependencies = (
				C3B189CB2A6C549E00EDE004 /* PBXTargetDependency */,
			);
			name = eCardifyUITests;
			packageProductDependencies = (
				C38E320E2A6FCB82009D9DE1 /* GenericPassFeature */,
				C38E32122A6FF1AB009D9DE1 /* AuthenticationView */,
			);
			productName = eCardifyUITests;
			productReference = C3B189C42A6C549E00EDE004 /* eCardifyUITests.xctest */;
			productType = "com.apple.product-type.bundle.ui-testing";
		};
/* End PBXNativeTarget section */

/* Begin PBXProject section */
		C3A452332A07F4AC009D8F95 /* Project object */ = {
			isa = PBXProject;
			attributes = {
				BuildIndependentTargetsInParallel = 1;
				LastSwiftUpdateCheck = 1430;
				LastUpgradeCheck = 1430;
				TargetAttributes = {
					C3A4523A2A07F4AC009D8F95 = {
						CreatedOnToolsVersion = 14.3;
					};
					C3B189C32A6C549E00EDE004 = {
						CreatedOnToolsVersion = 14.3.1;
						TestTargetID = C3A4523A2A07F4AC009D8F95;
					};
				};
			};
			buildConfigurationList = C3A452362A07F4AC009D8F95 /* Build configuration list for PBXProject "eCardify" */;
			compatibilityVersion = "Xcode 14.0";
			developmentRegion = en;
			hasScannedForEncodings = 0;
			knownRegions = (
				en,
				Base,
			);
			mainGroup = C3A452322A07F4AC009D8F95;
			productRefGroup = C3A4523C2A07F4AC009D8F95 /* Products */;
			projectDirPath = "";
			projectRoot = "";
			targets = (
				C3A4523A2A07F4AC009D8F95 /* eCardify */,
				C3B189C32A6C549E00EDE004 /* eCardifyUITests */,
			);
		};
/* End PBXProject section */

/* Begin PBXResourcesBuildPhase section */
		C3A452392A07F4AC009D8F95 /* Resources */ = {
			isa = PBXResourcesBuildPhase;
			buildActionMask = 2147483647;
			files = (
				C3FDFDBC2A50022F00229340 /* Production.xcconfig in Resources */,
				C3A452502A07F4D7009D8F95 /* Pass.json in Resources */,
				C3A452472A07F4AD009D8F95 /* Preview Assets.xcassets in Resources */,
				C38FFE302A3B405B00BB3E8C /* Development.xcconfig in Resources */,
				C3A452432A07F4AD009D8F95 /* Assets.xcassets in Resources */,
			);
			runOnlyForDeploymentPostprocessing = 0;
		};
		C3B189C22A6C549E00EDE004 /* Resources */ = {
			isa = PBXResourcesBuildPhase;
			buildActionMask = 2147483647;
			files = (
			);
			runOnlyForDeploymentPostprocessing = 0;
		};
/* End PBXResourcesBuildPhase section */

/* Begin PBXSourcesBuildPhase section */
		C3A452372A07F4AC009D8F95 /* Sources */ = {
			isa = PBXSourcesBuildPhase;
			buildActionMask = 2147483647;
			files = (
				C3A4523F2A07F4AC009D8F95 /* eCardifyApp.swift in Sources */,
			);
			runOnlyForDeploymentPostprocessing = 0;
		};
		C3B189C02A6C549E00EDE004 /* Sources */ = {
			isa = PBXSourcesBuildPhase;
			buildActionMask = 2147483647;
			files = (
				C3B189C92A6C549E00EDE004 /* eCardifyUITestsLaunchTests.swift in Sources */,
				C3B189D02A6E6F4A00EDE004 /* SnapshotHelper.swift in Sources */,
				C3265A792A7032C7008A8420 /* eCardifyUITests.swift in Sources */,
			);
			runOnlyForDeploymentPostprocessing = 0;
		};
/* End PBXSourcesBuildPhase section */

/* Begin PBXTargetDependency section */
		C3B189CB2A6C549E00EDE004 /* PBXTargetDependency */ = {
			isa = PBXTargetDependency;
			target = C3A4523A2A07F4AC009D8F95 /* eCardify */;
			targetProxy = C3B189CA2A6C549E00EDE004 /* PBXContainerItemProxy */;
		};
/* End PBXTargetDependency section */

/* Begin XCBuildConfiguration section */
		C3A452482A07F4AD009D8F95 /* Debug */ = {
			isa = XCBuildConfiguration;
			baseConfigurationReference = C38FFE2F2A3B405B00BB3E8C /* Development.xcconfig */;
			buildSettings = {
				ALWAYS_SEARCH_USER_PATHS = NO;
				CLANG_ANALYZER_NONNULL = YES;
				CLANG_ANALYZER_NUMBER_OBJECT_CONVERSION = YES_AGGRESSIVE;
				CLANG_CXX_LANGUAGE_STANDARD = "gnu++20";
				CLANG_ENABLE_MODULES = YES;
				CLANG_ENABLE_OBJC_ARC = YES;
				CLANG_ENABLE_OBJC_WEAK = YES;
				CLANG_WARN_BLOCK_CAPTURE_AUTORELEASING = YES;
				CLANG_WARN_BOOL_CONVERSION = YES;
				CLANG_WARN_COMMA = YES;
				CLANG_WARN_CONSTANT_CONVERSION = YES;
				CLANG_WARN_DEPRECATED_OBJC_IMPLEMENTATIONS = YES;
				CLANG_WARN_DIRECT_OBJC_ISA_USAGE = YES_ERROR;
				CLANG_WARN_DOCUMENTATION_COMMENTS = YES;
				CLANG_WARN_EMPTY_BODY = YES;
				CLANG_WARN_ENUM_CONVERSION = YES;
				CLANG_WARN_INFINITE_RECURSION = YES;
				CLANG_WARN_INT_CONVERSION = YES;
				CLANG_WARN_NON_LITERAL_NULL_CONVERSION = YES;
				CLANG_WARN_OBJC_IMPLICIT_RETAIN_SELF = YES;
				CLANG_WARN_OBJC_LITERAL_CONVERSION = YES;
				CLANG_WARN_OBJC_ROOT_CLASS = YES_ERROR;
				CLANG_WARN_QUOTED_INCLUDE_IN_FRAMEWORK_HEADER = YES;
				CLANG_WARN_RANGE_LOOP_ANALYSIS = YES;
				CLANG_WARN_STRICT_PROTOTYPES = YES;
				CLANG_WARN_SUSPICIOUS_MOVE = YES;
				CLANG_WARN_UNGUARDED_AVAILABILITY = YES_AGGRESSIVE;
				CLANG_WARN_UNREACHABLE_CODE = YES;
				CLANG_WARN__DUPLICATE_METHOD_MATCH = YES;
				COPY_PHASE_STRIP = NO;
				DEBUG_INFORMATION_FORMAT = dwarf;
				ENABLE_STRICT_OBJC_MSGSEND = YES;
				ENABLE_TESTABILITY = YES;
				GCC_C_LANGUAGE_STANDARD = gnu11;
				GCC_DYNAMIC_NO_PIC = NO;
				GCC_NO_COMMON_BLOCKS = YES;
				GCC_OPTIMIZATION_LEVEL = 0;
				GCC_PREPROCESSOR_DEFINITIONS = (
					"DEBUG=1",
					"$(inherited)",
				);
				GCC_WARN_64_TO_32_BIT_CONVERSION = YES;
				GCC_WARN_ABOUT_RETURN_TYPE = YES_ERROR;
				GCC_WARN_UNDECLARED_SELECTOR = YES;
				GCC_WARN_UNINITIALIZED_AUTOS = YES_AGGRESSIVE;
				GCC_WARN_UNUSED_FUNCTION = YES;
				GCC_WARN_UNUSED_VARIABLE = YES;
				MTL_ENABLE_DEBUG_INFO = INCLUDE_SOURCE;
				MTL_FAST_MATH = YES;
				ONLY_ACTIVE_ARCH = YES;
				SWIFT_ACTIVE_COMPILATION_CONDITIONS = DEBUG;
				SWIFT_OPTIMIZATION_LEVEL = "-Onone";
			};
			name = Debug;
		};
		C3A452492A07F4AD009D8F95 /* Release */ = {
			isa = XCBuildConfiguration;
			baseConfigurationReference = C3FDFDBB2A50022F00229340 /* Production.xcconfig */;
			buildSettings = {
				ALWAYS_SEARCH_USER_PATHS = NO;
				CLANG_ANALYZER_NONNULL = YES;
				CLANG_ANALYZER_NUMBER_OBJECT_CONVERSION = YES_AGGRESSIVE;
				CLANG_CXX_LANGUAGE_STANDARD = "gnu++20";
				CLANG_ENABLE_MODULES = YES;
				CLANG_ENABLE_OBJC_ARC = YES;
				CLANG_ENABLE_OBJC_WEAK = YES;
				CLANG_WARN_BLOCK_CAPTURE_AUTORELEASING = YES;
				CLANG_WARN_BOOL_CONVERSION = YES;
				CLANG_WARN_COMMA = YES;
				CLANG_WARN_CONSTANT_CONVERSION = YES;
				CLANG_WARN_DEPRECATED_OBJC_IMPLEMENTATIONS = YES;
				CLANG_WARN_DIRECT_OBJC_ISA_USAGE = YES_ERROR;
				CLANG_WARN_DOCUMENTATION_COMMENTS = YES;
				CLANG_WARN_EMPTY_BODY = YES;
				CLANG_WARN_ENUM_CONVERSION = YES;
				CLANG_WARN_INFINITE_RECURSION = YES;
				CLANG_WARN_INT_CONVERSION = YES;
				CLANG_WARN_NON_LITERAL_NULL_CONVERSION = YES;
				CLANG_WARN_OBJC_IMPLICIT_RETAIN_SELF = YES;
				CLANG_WARN_OBJC_LITERAL_CONVERSION = YES;
				CLANG_WARN_OBJC_ROOT_CLASS = YES_ERROR;
				CLANG_WARN_QUOTED_INCLUDE_IN_FRAMEWORK_HEADER = YES;
				CLANG_WARN_RANGE_LOOP_ANALYSIS = YES;
				CLANG_WARN_STRICT_PROTOTYPES = YES;
				CLANG_WARN_SUSPICIOUS_MOVE = YES;
				CLANG_WARN_UNGUARDED_AVAILABILITY = YES_AGGRESSIVE;
				CLANG_WARN_UNREACHABLE_CODE = YES;
				CLANG_WARN__DUPLICATE_METHOD_MATCH = YES;
				COPY_PHASE_STRIP = NO;
				DEBUG_INFORMATION_FORMAT = "dwarf-with-dsym";
				ENABLE_NS_ASSERTIONS = NO;
				ENABLE_STRICT_OBJC_MSGSEND = YES;
				GCC_C_LANGUAGE_STANDARD = gnu11;
				GCC_NO_COMMON_BLOCKS = YES;
				GCC_WARN_64_TO_32_BIT_CONVERSION = YES;
				GCC_WARN_ABOUT_RETURN_TYPE = YES_ERROR;
				GCC_WARN_UNDECLARED_SELECTOR = YES;
				GCC_WARN_UNINITIALIZED_AUTOS = YES_AGGRESSIVE;
				GCC_WARN_UNUSED_FUNCTION = YES;
				GCC_WARN_UNUSED_VARIABLE = YES;
				MTL_ENABLE_DEBUG_INFO = NO;
				MTL_FAST_MATH = YES;
				SWIFT_COMPILATION_MODE = wholemodule;
				SWIFT_OPTIMIZATION_LEVEL = "-O";
			};
			name = Release;
		};
		C3A4524B2A07F4AD009D8F95 /* Debug */ = {
			isa = XCBuildConfiguration;
			baseConfigurationReference = C38FFE2F2A3B405B00BB3E8C /* Development.xcconfig */;
			buildSettings = {
				ASSETCATALOG_COMPILER_APPICON_NAME = AppIconCircle;
				ASSETCATALOG_COMPILER_GLOBAL_ACCENT_COLOR_NAME = AccentColor;
				CODE_SIGN_ENTITLEMENTS = eCardify/eCardify.entitlements;
				CODE_SIGN_STYLE = Automatic;
				CURRENT_PROJECT_VERSION = 6;
				DEVELOPMENT_ASSET_PATHS = "\"eCardify/Preview Content\"";
				DEVELOPMENT_TEAM = 6989658CU5;
				ENABLE_HARDENED_RUNTIME = YES;
				ENABLE_PREVIEWS = YES;
				GENERATE_INFOPLIST_FILE = YES;
				INFOPLIST_FILE = eCardify/Info.plist;
				INFOPLIST_KEY_LSApplicationCategoryType = "public.app-category.business";
				"INFOPLIST_KEY_UIApplicationSceneManifest_Generation[sdk=iphoneos*]" = YES;
				"INFOPLIST_KEY_UIApplicationSceneManifest_Generation[sdk=iphonesimulator*]" = YES;
				"INFOPLIST_KEY_UIApplicationSupportsIndirectInputEvents[sdk=iphoneos*]" = YES;
				"INFOPLIST_KEY_UIApplicationSupportsIndirectInputEvents[sdk=iphonesimulator*]" = YES;
				"INFOPLIST_KEY_UILaunchScreen_Generation[sdk=iphoneos*]" = YES;
				"INFOPLIST_KEY_UILaunchScreen_Generation[sdk=iphonesimulator*]" = YES;
				"INFOPLIST_KEY_UIStatusBarStyle[sdk=iphoneos*]" = UIStatusBarStyleDefault;
				"INFOPLIST_KEY_UIStatusBarStyle[sdk=iphonesimulator*]" = UIStatusBarStyleDefault;
				INFOPLIST_KEY_UISupportedInterfaceOrientations = UIInterfaceOrientationPortrait;
				INFOPLIST_KEY_UISupportedInterfaceOrientations_iPad = "UIInterfaceOrientationLandscapeLeft UIInterfaceOrientationLandscapeRight UIInterfaceOrientationPortrait UIInterfaceOrientationPortraitUpsideDown";
				IPHONEOS_DEPLOYMENT_TARGET = 16.0;
				LD_RUNPATH_SEARCH_PATHS = "@executable_path/Frameworks";
				"LD_RUNPATH_SEARCH_PATHS[sdk=macosx*]" = "@executable_path/../Frameworks";
				MACOSX_DEPLOYMENT_TARGET = 10.13;
				MARKETING_VERSION = 1.0;
				PRODUCT_BUNDLE_IDENTIFIER = cardify.addame.com.eCardify;
				PRODUCT_NAME = "$(TARGET_NAME)";
				SDKROOT = auto;
				SUPPORTED_PLATFORMS = "iphoneos iphonesimulator";
				SUPPORTS_MACCATALYST = NO;
				SUPPORTS_MAC_DESIGNED_FOR_IPHONE_IPAD = NO;
				SWIFT_EMIT_LOC_STRINGS = YES;
				SWIFT_VERSION = 5.0;
				TARGETED_DEVICE_FAMILY = "1,2";
			};
			name = Debug;
		};
		C3A4524C2A07F4AD009D8F95 /* Release */ = {
			isa = XCBuildConfiguration;
			baseConfigurationReference = C3FDFDBB2A50022F00229340 /* Production.xcconfig */;
			buildSettings = {
				ASSETCATALOG_COMPILER_APPICON_NAME = AppIconCircle;
				ASSETCATALOG_COMPILER_GLOBAL_ACCENT_COLOR_NAME = AccentColor;
				CODE_SIGN_ENTITLEMENTS = eCardify/eCardify.entitlements;
				CODE_SIGN_STYLE = Automatic;
				CURRENT_PROJECT_VERSION = 6;
				DEVELOPMENT_ASSET_PATHS = "\"eCardify/Preview Content\"";
				DEVELOPMENT_TEAM = 6989658CU5;
				ENABLE_HARDENED_RUNTIME = YES;
				ENABLE_PREVIEWS = YES;
				GENERATE_INFOPLIST_FILE = YES;
				INFOPLIST_FILE = eCardify/Info.plist;
				INFOPLIST_KEY_LSApplicationCategoryType = "public.app-category.business";
				"INFOPLIST_KEY_UIApplicationSceneManifest_Generation[sdk=iphoneos*]" = YES;
				"INFOPLIST_KEY_UIApplicationSceneManifest_Generation[sdk=iphonesimulator*]" = YES;
				"INFOPLIST_KEY_UIApplicationSupportsIndirectInputEvents[sdk=iphoneos*]" = YES;
				"INFOPLIST_KEY_UIApplicationSupportsIndirectInputEvents[sdk=iphonesimulator*]" = YES;
				"INFOPLIST_KEY_UILaunchScreen_Generation[sdk=iphoneos*]" = YES;
				"INFOPLIST_KEY_UILaunchScreen_Generation[sdk=iphonesimulator*]" = YES;
				"INFOPLIST_KEY_UIStatusBarStyle[sdk=iphoneos*]" = UIStatusBarStyleDefault;
				"INFOPLIST_KEY_UIStatusBarStyle[sdk=iphonesimulator*]" = UIStatusBarStyleDefault;
				INFOPLIST_KEY_UISupportedInterfaceOrientations = UIInterfaceOrientationPortrait;
				INFOPLIST_KEY_UISupportedInterfaceOrientations_iPad = "UIInterfaceOrientationLandscapeLeft UIInterfaceOrientationLandscapeRight UIInterfaceOrientationPortrait UIInterfaceOrientationPortraitUpsideDown";
				IPHONEOS_DEPLOYMENT_TARGET = 16.0;
				LD_RUNPATH_SEARCH_PATHS = "@executable_path/Frameworks";
				"LD_RUNPATH_SEARCH_PATHS[sdk=macosx*]" = "@executable_path/../Frameworks";
				MACOSX_DEPLOYMENT_TARGET = 10.13;
				MARKETING_VERSION = 1.0;
				PRODUCT_BUNDLE_IDENTIFIER = cardify.addame.com.eCardify;
				PRODUCT_NAME = "$(TARGET_NAME)";
				SDKROOT = auto;
				SUPPORTED_PLATFORMS = "iphoneos iphonesimulator";
				SUPPORTS_MACCATALYST = NO;
				SUPPORTS_MAC_DESIGNED_FOR_IPHONE_IPAD = NO;
				SWIFT_EMIT_LOC_STRINGS = YES;
				SWIFT_VERSION = 5.0;
				TARGETED_DEVICE_FAMILY = "1,2";
			};
			name = Release;
		};
		C3B189CC2A6C549E00EDE004 /* Debug */ = {
			isa = XCBuildConfiguration;
			buildSettings = {
				CODE_SIGN_STYLE = Automatic;
				CURRENT_PROJECT_VERSION = 1;
				DEVELOPMENT_TEAM = 6989658CU5;
				GENERATE_INFOPLIST_FILE = YES;
				IPHONEOS_DEPLOYMENT_TARGET = 16.4;
				MARKETING_VERSION = 1.0;
				PRODUCT_BUNDLE_IDENTIFIER = cardify.addame.com.eCardifyUITests;
				PRODUCT_NAME = "$(TARGET_NAME)";
				SDKROOT = iphoneos;
				SWIFT_EMIT_LOC_STRINGS = NO;
				SWIFT_VERSION = 5.0;
				TARGETED_DEVICE_FAMILY = "1,2";
				TEST_TARGET_NAME = eCardify;
			};
			name = Debug;
		};
		C3B189CD2A6C549E00EDE004 /* Release */ = {
			isa = XCBuildConfiguration;
			buildSettings = {
				CODE_SIGN_STYLE = Automatic;
				CURRENT_PROJECT_VERSION = 1;
				DEVELOPMENT_TEAM = 6989658CU5;
				GENERATE_INFOPLIST_FILE = YES;
				IPHONEOS_DEPLOYMENT_TARGET = 16.4;
				MARKETING_VERSION = 1.0;
				PRODUCT_BUNDLE_IDENTIFIER = cardify.addame.com.eCardifyUITests;
				PRODUCT_NAME = "$(TARGET_NAME)";
				SDKROOT = iphoneos;
				SWIFT_EMIT_LOC_STRINGS = NO;
				SWIFT_VERSION = 5.0;
				TARGETED_DEVICE_FAMILY = "1,2";
				TEST_TARGET_NAME = eCardify;
				VALIDATE_PRODUCT = YES;
			};
			name = Release;
		};
/* End XCBuildConfiguration section */

/* Begin XCConfigurationList section */
		C3A452362A07F4AC009D8F95 /* Build configuration list for PBXProject "eCardify" */ = {
			isa = XCConfigurationList;
			buildConfigurations = (
				C3A452482A07F4AD009D8F95 /* Debug */,
				C3A452492A07F4AD009D8F95 /* Release */,
			);
			defaultConfigurationIsVisible = 0;
			defaultConfigurationName = Release;
		};
		C3A4524A2A07F4AD009D8F95 /* Build configuration list for PBXNativeTarget "eCardify" */ = {
			isa = XCConfigurationList;
			buildConfigurations = (
				C3A4524B2A07F4AD009D8F95 /* Debug */,
				C3A4524C2A07F4AD009D8F95 /* Release */,
			);
			defaultConfigurationIsVisible = 0;
			defaultConfigurationName = Release;
		};
		C3B189CE2A6C549E00EDE004 /* Build configuration list for PBXNativeTarget "eCardifyUITests" */ = {
			isa = XCConfigurationList;
			buildConfigurations = (
				C3B189CC2A6C549E00EDE004 /* Debug */,
				C3B189CD2A6C549E00EDE004 /* Release */,
			);
			defaultConfigurationIsVisible = 0;
			defaultConfigurationName = Release;
		};
/* End XCConfigurationList section */

/* Begin XCSwiftPackageProductDependency section */
		C38E320E2A6FCB82009D9DE1 /* GenericPassFeature */ = {
			isa = XCSwiftPackageProductDependency;
			productName = GenericPassFeature;
		};
		C38E32122A6FF1AB009D9DE1 /* AuthenticationView */ = {
			isa = XCSwiftPackageProductDependency;
			productName = AuthenticationView;
		};
		C3FFD16F2A6A5E6D003B9A09 /* AppFeature */ = {
			isa = XCSwiftPackageProductDependency;
			productName = AppFeature;
		};
		C3FFD1712A6A5E77003B9A09 /* AppView */ = {
			isa = XCSwiftPackageProductDependency;
			productName = AppView;
		};
/* End XCSwiftPackageProductDependency section */
	};
	rootObject = C3A452332A07F4AC009D8F95 /* Project object */;
}
